<?xml version="1.0" encoding="utf-8"?>
<Project ToolsVersion="4.0" xmlns="http://schemas.microsoft.com/developer/msbuild/2003">
  <ItemGroup>
    <Filter Include="imgui">
      <UniqueIdentifier>{dc28d875-ed6a-4868-9647-c1772324ec47}</UniqueIdentifier>
    </Filter>
    <Filter Include="include">
      <UniqueIdentifier>{93995380-89BD-4b04-88EB-625FBE52EBFB}</UniqueIdentifier>
      <Extensions>h;hh;hpp;hxx;h++;hm;inl;inc;ipp;xsd</Extensions>
    </Filter>
    <Filter Include="src">
      <UniqueIdentifier>{4FC737F1-C7A5-4376-A066-2A32D752A2FF}</UniqueIdentifier>
      <Extensions>cpp;c;cc;cxx;c++;cppm;ixx;def;odl;idl;hpj;bat;asm;asmx</Extensions>
    </Filter>
    <Filter Include="include\Native">
      <UniqueIdentifier>{44f5e380-b7c8-45bd-bf3a-c6f1652374c7}</UniqueIdentifier>
    </Filter>
    <Filter Include="include\Utils">
      <UniqueIdentifier>{55dab0e6-cfe2-4f54-87bd-3d804a57c0ac}</UniqueIdentifier>
    </Filter>
    <Filter Include="include\Roblox">
      <UniqueIdentifier>{c30306ee-d85e-4141-97df-75b831646519}</UniqueIdentifier>
    </Filter>
    <Filter Include="include\FS">
      <UniqueIdentifier>{1293ec41-31f9-4208-8d4d-1e0c0b65b67e}</UniqueIdentifier>
    </Filter>
    <Filter Include="include\UI">
      <UniqueIdentifier>{0069fecc-29d7-4171-b127-1661b9eb579f}</UniqueIdentifier>
    </Filter>
    <Filter Include="include\StrUtils">
      <UniqueIdentifier>{e60f5948-9b1b-40fa-8e87-0a5847a7268f}</UniqueIdentifier>
    </Filter>
    <Filter Include="include\Config">
      <UniqueIdentifier>{806f154a-6034-4004-82f0-ea0d3b263f90}</UniqueIdentifier>
    </Filter>
    <Filter Include="include\Manager">
      <UniqueIdentifier>{003158f8-e8d3-4edc-ada1-785c4eb902d6}</UniqueIdentifier>
    </Filter>
    <Filter Include="include\Group">
      <UniqueIdentifier>{12062291-414a-4f10-b4f0-95f61260eb54}</UniqueIdentifier>
    </Filter>
    <Filter Include="include\Instance Control">
      <UniqueIdentifier>{045edc08-994e-4800-9b2e-79d10ebf952c}</UniqueIdentifier>
    </Filter>
    <Filter Include="include\File Management">
      <UniqueIdentifier>{99311e7f-8cc9-4d59-80a1-1ec79df507af}</UniqueIdentifier>
    </Filter>
    <Filter Include="include\Auto Relaunch">
      <UniqueIdentifier>{38122146-ac58-44e3-a7e1-c4ee00126a2d}</UniqueIdentifier>
    </Filter>
    <Filter Include="include\App Log">
      <UniqueIdentifier>{2576036c-a9d8-4b94-865b-89a45c3b696c}</UniqueIdentifier>
    </Filter>
  </ItemGroup>
  <ItemGroup>
    <ClCompile Include="InstanceManager.cpp">
      <Filter>src</Filter>
    </ClCompile>
    <ClCompile Include="imgui.cpp">
      <Filter>imgui</Filter>
    </ClCompile>
    <ClCompile Include="imgui_demo.cpp">
      <Filter>imgui</Filter>
    </ClCompile>
    <ClCompile Include="imgui_draw.cpp">
      <Filter>imgui</Filter>
    </ClCompile>
    <ClCompile Include="imgui_tables.cpp">
      <Filter>imgui</Filter>
    </ClCompile>
    <ClCompile Include="imgui_widgets.cpp">
      <Filter>imgui</Filter>
    </ClCompile>
    <ClCompile Include="imgui_impl_glfw.cpp">
      <Filter>imgui</Filter>
    </ClCompile>
    <ClCompile Include="imgui_impl_opengl3.cpp">
      <Filter>imgui</Filter>
    </ClCompile>
    <ClCompile Include="InstanceControl.cpp">
      <Filter>src</Filter>
    </ClCompile>
    <ClCompile Include="Manager.cpp">
      <Filter>src</Filter>
    </ClCompile>
    <ClCompile Include="Group.cpp">
      <Filter>src</Filter>
    </ClCompile>
    <ClCompile Include="Native.cpp">
      <Filter>src</Filter>
    </ClCompile>
    <ClCompile Include="Utils.cpp">
      <Filter>src</Filter>
    </ClCompile>
    <ClCompile Include="Roblox.cpp">
      <Filter>src</Filter>
    </ClCompile>
    <ClCompile Include="FS.cpp">
      <Filter>src</Filter>
    </ClCompile>
    <ClCompile Include="UI.cpp">
      <Filter>src</Filter>
    </ClCompile>
    <ClCompile Include="StringUtils.cpp">
      <Filter>src</Filter>
    </ClCompile>
    <ClCompile Include="Config.cpp">
      <Filter>src</Filter>
    </ClCompile>
    <ClCompile Include="AppLog.cpp">
      <Filter>src</Filter>
    </ClCompile>
    <ClCompile Include="AutoRelaunch.cpp">
      <Filter>src</Filter>
    </ClCompile>
    <ClCompile Include="FileManagement.cpp">
      <Filter>src</Filter>
    </ClCompile>
  </ItemGroup>
  <ItemGroup>
    <ClInclude Include="imconfig.h">
      <Filter>imgui</Filter>
    </ClInclude>
    <ClInclude Include="imgui.h">
      <Filter>imgui</Filter>
    </ClInclude>
    <ClInclude Include="imgui_internal.h">
      <Filter>imgui</Filter>
    </ClInclude>
    <ClInclude Include="imstb_textedit.h">
      <Filter>imgui</Filter>
    </ClInclude>
    <ClInclude Include="imgui_impl_glfw.h">
      <Filter>imgui</Filter>
    </ClInclude>
    <ClInclude Include="imgui_impl_opengl3.h">
      <Filter>imgui</Filter>
    </ClInclude>
    <ClInclude Include="imgui_impl_opengl3_loader.h">
      <Filter>imgui</Filter>
    </ClInclude>
    <ClInclude Include="imstb_rectpack.h">
      <Filter>imgui</Filter>
    </ClInclude>
    <ClInclude Include="imstb_truetype.h">
      <Filter>imgui</Filter>
    </ClInclude>
    <ClInclude Include="MouseController.hpp">
      <Filter>include</Filter>
    </ClInclude>
    <ClInclude Include="stb_image_write.h">
      <Filter>include</Filter>
    </ClInclude>
    <ClInclude Include="ThreadManager.hpp">
      <Filter>include</Filter>
    </ClInclude>
    <ClInclude Include="ntdll.h">
      <Filter>include\Native</Filter>
    </ClInclude>
    <ClInclude Include="Native.h">
      <Filter>include\Native</Filter>
    </ClInclude>
    <ClInclude Include="Utils.h">
      <Filter>include\Utils</Filter>
    </ClInclude>
    <ClInclude Include="Roblox.h">
      <Filter>include\Roblox</Filter>
    </ClInclude>
    <ClInclude Include="FS.h">
      <Filter>include\FS</Filter>
    </ClInclude>
    <ClInclude Include="UI.h">
      <Filter>include\UI</Filter>
    </ClInclude>
    <ClInclude Include="Base.hpp">
      <Filter>include\UI</Filter>
    </ClInclude>
    <ClInclude Include="StringUtils.h">
      <Filter>include\StrUtils</Filter>
    </ClInclude>
    <ClInclude Include="Config.h">
      <Filter>include\Config</Filter>
    </ClInclude>
    <ClInclude Include="AppLog.h">
      <Filter>include\App Log</Filter>
    </ClInclude>
    <ClInclude Include="AutoRelaunch.h">
      <Filter>include\Auto Relaunch</Filter>
    </ClInclude>
    <ClInclude Include="Manager.h">
      <Filter>include\Manager</Filter>
    </ClInclude>
    <ClInclude Include="Group.h">
      <Filter>include\Group</Filter>
    </ClInclude>
    <ClInclude Include="InstanceControl.h">
      <Filter>include\Instance Control</Filter>
    </ClInclude>
    <ClInclude Include="FileManagement.h">
      <Filter>include\File Management</Filter>
    </ClInclude>
  </ItemGroup>
  <ItemGroup>
    <None Include="Roboto-Bold.embed">
      <Filter>imgui</Filter>
    </None>
    <None Include="Roboto-Italic.embed">
      <Filter>imgui</Filter>
    </None>
    <None Include="Roboto-Regular.embed">
      <Filter>imgui</Filter>
    </None>
  </ItemGroup>
</Project>