<?xml version="1.0" encoding="utf-8"?>
<Project ToolsVersion="4.0" xmlns="http://schemas.microsoft.com/developer/msbuild/2003">
  <ItemGroup>
    <Filter Include="include">
      <UniqueIdentifier>{93995380-89BD-4b04-88EB-625FBE52EBFB}</UniqueIdentifier>
      <Extensions>h;hh;hpp;hxx;h++;hm;inl;inc;ipp;xsd</Extensions>
    </Filter>
    <Filter Include="src">
      <UniqueIdentifier>{4FC737F1-C7A5-4376-A066-2A32D752A2FF}</UniqueIdentifier>
      <Extensions>cpp;c;cc;cxx;c++;cppm;ixx;def;odl;idl;hpj;bat;asm;asmx</Extensions>
    </Filter>
    <Filter Include="imgui">
      <UniqueIdentifier>{7762faeb-aeee-41b7-8de5-13f7f6dc27a9}</UniqueIdentifier>
    </Filter>
  </ItemGroup>
  <ItemGroup>
    <ClCompile Include="src\instance control\InstanceControl.cpp">
      <Filter>src</Filter>
    </ClCompile>
    <ClCompile Include="src\manager\Manager.cpp">
      <Filter>src</Filter>
    </ClCompile>
    <ClCompile Include="src\group\Group.cpp">
      <Filter>src</Filter>
    </ClCompile>
    <ClCompile Include="src\native\Native.cpp">
      <Filter>src</Filter>
    </ClCompile>
    <ClCompile Include="src\utils\Utils.cpp">
      <Filter>src</Filter>
    </ClCompile>
    <ClCompile Include="src\roblox\Roblox.cpp">
      <Filter>src</Filter>
    </ClCompile>
    <ClCompile Include="src\filesystem utils\FS.cpp">
      <Filter>src</Filter>
    </ClCompile>
    <ClCompile Include="src\ui\UI.cpp">
      <Filter>src</Filter>
    </ClCompile>
    <ClCompile Include="src\string utils\StringUtils.cpp">
      <Filter>src</Filter>
    </ClCompile>
    <ClCompile Include="src\config\Config.cpp">
      <Filter>src</Filter>
    </ClCompile>
    <ClCompile Include="src\ui\AppLog.cpp">
      <Filter>src</Filter>
    </ClCompile>
    <ClCompile Include="src\ui\AutoRelaunch.cpp">
      <Filter>src</Filter>
    </ClCompile>
    <ClCompile Include="src\ui\FileManagement.cpp">
      <Filter>src</Filter>
    </ClCompile>
    <ClCompile Include="main.cpp">
      <Filter>src</Filter>
    </ClCompile>
    <ClCompile Include="src\ui\InstanceManager.cpp">
      <Filter>src</Filter>
    </ClCompile>
    <ClCompile Include="include\ui\InstanceManager.h">
      <Filter>include</Filter>
    </ClCompile>
    <ClCompile Include="libs\imgui\imgui.cpp">
      <Filter>imgui</Filter>
    </ClCompile>
    <ClCompile Include="libs\imgui\imgui_demo.cpp">
      <Filter>imgui</Filter>
    </ClCompile>
    <ClCompile Include="libs\imgui\imgui_draw.cpp">
      <Filter>imgui</Filter>
    </ClCompile>
    <ClCompile Include="libs\imgui\imgui_impl_glfw.cpp">
      <Filter>imgui</Filter>
    </ClCompile>
    <ClCompile Include="libs\imgui\imgui_impl_opengl3.cpp">
      <Filter>imgui</Filter>
    </ClCompile>
    <ClCompile Include="libs\imgui\imgui_tables.cpp">
      <Filter>imgui</Filter>
    </ClCompile>
    <ClCompile Include="libs\imgui\imgui_widgets.cpp">
      <Filter>imgui</Filter>
    </ClCompile>
    <ClCompile Include="include\queued thread pool\QueuedThreadPool.hpp">
      <Filter>src</Filter>
    </ClCompile>
  </ItemGroup>
  <ItemGroup>
    <ClInclude Include="include\mouse controller\MouseController.hpp">
      <Filter>include</Filter>
    </ClInclude>
    <ClInclude Include="include\stb\stb_image_write.h">
      <Filter>include</Filter>
    </ClInclude>
    <ClInclude Include="include\thread pool\ThreadPool.hpp">
      <Filter>include</Filter>
    </ClInclude>
    <ClInclude Include="include\manager\Manager.h">
      <Filter>include</Filter>
    </ClInclude>
    <ClInclude Include="include\native\ntdll.h">
      <Filter>include</Filter>
    </ClInclude>
    <ClInclude Include="include\ui\AppLog.hpp">
      <Filter>include</Filter>
    </ClInclude>
    <ClInclude Include="include\ui\AutoRelaunch.h">
      <Filter>include</Filter>
    </ClInclude>
    <ClInclude Include="include\config\Config.hpp">
      <Filter>include</Filter>
    </ClInclude>
    <ClInclude Include="include\ui\FileManagement.h">
      <Filter>include</Filter>
    </ClInclude>
    <ClInclude Include="include\filesystem utils\FS.h">
      <Filter>include</Filter>
    </ClInclude>
    <ClInclude Include="include\group\Group.h">
      <Filter>include</Filter>
    </ClInclude>
    <ClInclude Include="include\instance control\InstanceControl.h">
      <Filter>include</Filter>
    </ClInclude>
    <ClInclude Include="include\native\Native.h">
      <Filter>include</Filter>
    </ClInclude>
    <ClInclude Include="include\ui\Base.hpp">
      <Filter>include</Filter>
    </ClInclude>
    <ClInclude Include="include\ui\UI.h">
      <Filter>include</Filter>
    </ClInclude>
    <ClInclude Include="include\roblox\Roblox.h">
      <Filter>include</Filter>
    </ClInclude>
    <ClInclude Include="include\utils\Utils.h">
      <Filter>include</Filter>
    </ClInclude>
    <ClInclude Include="include\string utils\StringUtils.h">
      <Filter>include</Filter>
    </ClInclude>
    <ClInclude Include="libs\imgui\imconfig.h">
      <Filter>imgui</Filter>
    </ClInclude>
    <ClInclude Include="libs\imgui\imgui.h">
      <Filter>imgui</Filter>
    </ClInclude>
    <ClInclude Include="libs\imgui\imgui_impl_glfw.h">
      <Filter>imgui</Filter>
    </ClInclude>
    <ClInclude Include="libs\imgui\imgui_impl_opengl3.h">
      <Filter>imgui</Filter>
    </ClInclude>
    <ClInclude Include="libs\imgui\imgui_impl_opengl3_loader.h">
      <Filter>imgui</Filter>
    </ClInclude>
    <ClInclude Include="libs\imgui\imgui_internal.h">
      <Filter>imgui</Filter>
    </ClInclude>
    <ClInclude Include="libs\imgui\imstb_rectpack.h">
      <Filter>imgui</Filter>
    </ClInclude>
    <ClInclude Include="libs\imgui\imstb_textedit.h">
      <Filter>imgui</Filter>
    </ClInclude>
    <ClInclude Include="libs\imgui\imstb_truetype.h">
      <Filter>imgui</Filter>
    </ClInclude>
    <ClInclude Include="include\logger\Logger.h">
      <Filter>include</Filter>
    </ClInclude>
    <ClInclude Include="include\logger\FileLogger.h">
      <Filter>include</Filter>
    </ClInclude>
  </ItemGroup>
  <ItemGroup>
    <None Include="libs\imgui\Roboto-Bold.embed">
      <Filter>imgui</Filter>
    </None>
    <None Include="libs\imgui\Roboto-Italic.embed">
      <Filter>imgui</Filter>
    </None>
    <None Include="libs\imgui\Roboto-Regular.embed">
      <Filter>imgui</Filter>
    </None>
  </ItemGroup>
</Project>