
Microsoft Visual Studio Solution File, Format Version 12.00
# Visual Studio Version 17
VisualStudioVersion = 17.6.33829.357
MinimumVisualStudioVersion = 10.0.40219.1
Project("{8BC9CEB8-8B4A-11D0-8D11-00A0C91BC942}") = "Instance-Manager", "InstanceManager\InstanceManager.vcxproj", "{B1A09F95-6257-4F6C-9848-83E7620F1AE6}"
EndProject
Project("{8BC9CEB8-8B4A-11D0-8D11-00A0C91BC942}") = "x84-injector", "x84-injector\x84-injector.vcxproj", "{EF1CFA7B-5E6E-47FF-8319-9A8DEC199016}"
EndProject
Global
	GlobalSection(SolutionConfigurationPlatforms) = preSolution
		Debug|x64 = Debug|x64
		Debug|x86 = Debug|x86
		Release|x64 = Release|x64
		Release|x86 = Release|x86
	EndGlobalSection
	GlobalSection(ProjectConfigurationPlatforms) = postSolution
		{B1A09F95-6257-4F6C-9848-83E7620F1AE6}.Debug|x64.ActiveCfg = Debug|x64
		{B1A09F95-6257-4F6C-9848-83E7620F1AE6}.Debug|x64.Build.0 = Debug|x64
		{B1A09F95-6257-4F6C-9848-83E7620F1AE6}.Debug|x86.ActiveCfg = Debug|Win32
		{B1A09F95-6257-4F6C-9848-83E7620F1AE6}.Debug|x86.Build.0 = Debug|Win32
		{B1A09F95-6257-4F6C-9848-83E7620F1AE6}.Release|x64.ActiveCfg = Release|x64
		{B1A09F95-6257-4F6C-9848-83E7620F1AE6}.Release|x64.Build.0 = Release|x64
		{B1A09F95-6257-4F6C-9848-83E7620F1AE6}.Release|x86.ActiveCfg = Release|Win32
		{B1A09F95-6257-4F6C-9848-83E7620F1AE6}.Release|x86.Build.0 = Release|Win32
		{EF1CFA7B-5E6E-47FF-8319-9A8DEC199016}.Debug|x64.ActiveCfg = Debug|x64
		{EF1CFA7B-5E6E-47FF-8319-9A8DEC199016}.Debug|x64.Build.0 = Debug|x64
		{EF1CFA7B-5E6E-47FF-8319-9A8DEC199016}.Debug|x86.ActiveCfg = Debug|Win32
		{EF1CFA7B-5E6E-47FF-8319-9A8DEC199016}.Debug|x86.Build.0 = Debug|Win32
		{EF1CFA7B-5E6E-47FF-8319-9A8DEC199016}.Release|x64.ActiveCfg = Release|x64
		{EF1CFA7B-5E6E-47FF-8319-9A8DEC199016}.Release|x64.Build.0 = Release|x64
		{EF1CFA7B-5E6E-47FF-8319-9A8DEC199016}.Release|x86.ActiveCfg = Release|Win32
		{EF1CFA7B-5E6E-47FF-8319-9A8DEC199016}.Release|x86.Build.0 = Release|Win32
	EndGlobalSection
	GlobalSection(SolutionProperties) = preSolution
		HideSolutionNode = FALSE
	EndGlobalSection
	GlobalSection(ExtensibilityGlobals) = postSolution
		SolutionGuid = {0569C797-85AB-4A2C-83C2-FFF3498D2D7F}
	EndGlobalSection
EndGlobal
